
Microsoft Visual Studio Solution File, Format Version 12.00
# Visual Studio Version 17
VisualStudioVersion = 17.5.33530.505
MinimumVisualStudioVersion = 10.0.40219.1
Project("{FAE04EC0-301F-11D3-BF4B-00C04F79EFBC}") = "SkillFactory", "SkillFactory\SkillFactory.csproj", "{73814643-05C0-4238-BC84-353CEB70475B}"
EndProject
Project("{FAE04EC0-301F-11D3-BF4B-00C04F79EFBC}") = "ConsoleApp1", "ConsoleApp1\ConsoleApp1.csproj", "{8653808D-258B-4BCE-82FD-9A77CB91B948}"
EndProject
Global
	GlobalSection(SolutionConfigurationPlatforms) = preSolution
		Debug|Any CPU = Debug|Any CPU
		Release|Any CPU = Release|Any CPU
	EndGlobalSection
	GlobalSection(ProjectConfigurationPlatforms) = postSolution
		{73814643-05C0-4238-BC84-353CEB70475B}.Debug|Any CPU.ActiveCfg = Debug|Any CPU
		{73814643-05C0-4238-BC84-353CEB70475B}.Debug|Any CPU.Build.0 = Debug|Any CPU
		{73814643-05C0-4238-BC84-353CEB70475B}.Release|Any CPU.ActiveCfg = Release|Any CPU
		{73814643-05C0-4238-BC84-353CEB70475B}.Release|Any CPU.Build.0 = Release|Any CPU
		{8653808D-258B-4BCE-82FD-9A77CB91B948}.Debug|Any CPU.ActiveCfg = Debug|Any CPU
		{8653808D-258B-4BCE-82FD-9A77CB91B948}.Debug|Any CPU.Build.0 = Debug|Any CPU
		{8653808D-258B-4BCE-82FD-9A77CB91B948}.Release|Any CPU.ActiveCfg = Release|Any CPU
		{8653808D-258B-4BCE-82FD-9A77CB91B948}.Release|Any CPU.Build.0 = Release|Any CPU
	EndGlobalSection
	GlobalSection(SolutionProperties) = preSolution
		HideSolutionNode = FALSE
	EndGlobalSection
	GlobalSection(ExtensibilityGlobals) = postSolution
		SolutionGuid = {C6EBC491-8A59-4589-B6D2-8457BF559E6F}
	EndGlobalSection
EndGlobal
